
Microsoft Visual Studio Solution File, Format Version 12.00
# Visual Studio Version 17
VisualStudioVersion = 17.7.34221.43
MinimumVisualStudioVersion = 10.0.40219.1
Project("{FAE04EC0-301F-11D3-BF4B-00C04F79EFBC}") = "vize_ödevi", "vize_ödevi\vize_ödevi.csproj", "{6ACA7BEC-DD4B-4F18-93B9-55EE2EBE2488}"
EndProject
Global
	GlobalSection(SolutionConfigurationPlatforms) = preSolution
		Debug|Any CPU = Debug|Any CPU
		Release|Any CPU = Release|Any CPU
	EndGlobalSection
	GlobalSection(ProjectConfigurationPlatforms) = postSolution
		{6ACA7BEC-DD4B-4F18-93B9-55EE2EBE2488}.Debug|Any CPU.ActiveCfg = Debug|Any CPU
		{6ACA7BEC-DD4B-4F18-93B9-55EE2EBE2488}.Debug|Any CPU.Build.0 = Debug|Any CPU
		{6ACA7BEC-DD4B-4F18-93B9-55EE2EBE2488}.Release|Any CPU.ActiveCfg = Release|Any CPU
		{6ACA7BEC-DD4B-4F18-93B9-55EE2EBE2488}.Release|Any CPU.Build.0 = Release|Any CPU
	EndGlobalSection
	GlobalSection(SolutionProperties) = preSolution
		HideSolutionNode = FALSE
	EndGlobalSection
	GlobalSection(ExtensibilityGlobals) = postSolution
		SolutionGuid = {656CC589-27CF-46BB-9FBE-65C9AD98B466}
	EndGlobalSection
EndGlobal
